
Microsoft Visual Studio Solution File, Format Version 12.00
# Visual Studio 2013
VisualStudioVersion = 12.0.21005.1
MinimumVisualStudioVersion = 10.0.40219.1
Project("{FAE04EC0-301F-11D3-BF4B-00C04F79EFBC}") = "Anketbaz.Service", "Anketbaz.Service\Anketbaz.Service.csproj", "{A438D28C-DE8A-44FD-AD5A-A6FE32E2ED0C}"
EndProject
Project("{FAE04EC0-301F-11D3-BF4B-00C04F79EFBC}") = "Anketbaz.Data", "Anketbaz.Data\Anketbaz.Data.csproj", "{D8ABCB97-7536-4A79-863D-0AA118ADB77A}"
EndProject
Project("{FAE04EC0-301F-11D3-BF4B-00C04F79EFBC}") = "Anketbaz.Library", "Anketbaz.Library\Anketbaz.Library.csproj", "{667A2CC5-5ADC-4F27-995C-FAD320065CA7}"
EndProject
Project("{FAE04EC0-301F-11D3-BF4B-00C04F79EFBC}") = "Anketbaz.Database", "Anketbaz.Database\Anketbaz.Database.csproj", "{D61E8E31-9B84-4340-9E08-C5516C38EF4E}"
EndProject
Global
	GlobalSection(SolutionConfigurationPlatforms) = preSolution
		Debug|Any CPU = Debug|Any CPU
		Release|Any CPU = Release|Any CPU
	EndGlobalSection
	GlobalSection(ProjectConfigurationPlatforms) = postSolution
		{A438D28C-DE8A-44FD-AD5A-A6FE32E2ED0C}.Debug|Any CPU.ActiveCfg = Debug|Any CPU
		{A438D28C-DE8A-44FD-AD5A-A6FE32E2ED0C}.Debug|Any CPU.Build.0 = Debug|Any CPU
		{A438D28C-DE8A-44FD-AD5A-A6FE32E2ED0C}.Release|Any CPU.ActiveCfg = Release|Any CPU
		{A438D28C-DE8A-44FD-AD5A-A6FE32E2ED0C}.Release|Any CPU.Build.0 = Release|Any CPU
		{D8ABCB97-7536-4A79-863D-0AA118ADB77A}.Debug|Any CPU.ActiveCfg = Debug|Any CPU
		{D8ABCB97-7536-4A79-863D-0AA118ADB77A}.Debug|Any CPU.Build.0 = Debug|Any CPU
		{D8ABCB97-7536-4A79-863D-0AA118ADB77A}.Release|Any CPU.ActiveCfg = Release|Any CPU
		{D8ABCB97-7536-4A79-863D-0AA118ADB77A}.Release|Any CPU.Build.0 = Release|Any CPU
		{667A2CC5-5ADC-4F27-995C-FAD320065CA7}.Debug|Any CPU.ActiveCfg = Debug|Any CPU
		{667A2CC5-5ADC-4F27-995C-FAD320065CA7}.Debug|Any CPU.Build.0 = Debug|Any CPU
		{667A2CC5-5ADC-4F27-995C-FAD320065CA7}.Release|Any CPU.ActiveCfg = Release|Any CPU
		{667A2CC5-5ADC-4F27-995C-FAD320065CA7}.Release|Any CPU.Build.0 = Release|Any CPU
		{D61E8E31-9B84-4340-9E08-C5516C38EF4E}.Debug|Any CPU.ActiveCfg = Debug|Any CPU
		{D61E8E31-9B84-4340-9E08-C5516C38EF4E}.Debug|Any CPU.Build.0 = Debug|Any CPU
		{D61E8E31-9B84-4340-9E08-C5516C38EF4E}.Release|Any CPU.ActiveCfg = Release|Any CPU
		{D61E8E31-9B84-4340-9E08-C5516C38EF4E}.Release|Any CPU.Build.0 = Release|Any CPU
	EndGlobalSection
	GlobalSection(SolutionProperties) = preSolution
		HideSolutionNode = FALSE
	EndGlobalSection
EndGlobal
